
Microsoft Visual Studio Solution File, Format Version 12.00
# Visual Studio 15
VisualStudioVersion = 15.0.28307.1169
MinimumVisualStudioVersion = 10.0.40219.1
Project("{8BC9CEB8-8B4A-11D0-8D11-00A0C91BC942}") = "game_breakout", "game_breakout\game_breakout.vcxproj", "{4C588F86-0E33-4B33-9452-0F2ACF91EC7B}"
EndProject
Global
	GlobalSection(SolutionConfigurationPlatforms) = preSolution
		Debug|x64 = Debug|x64
		Debug|x86 = Debug|x86
		Release|x64 = Release|x64
		Release|x86 = Release|x86
	EndGlobalSection
	GlobalSection(ProjectConfigurationPlatforms) = postSolution
		{4C588F86-0E33-4B33-9452-0F2ACF91EC7B}.Debug|x64.ActiveCfg = Debug|x64
		{4C588F86-0E33-4B33-9452-0F2ACF91EC7B}.Debug|x64.Build.0 = Debug|x64
		{4C588F86-0E33-4B33-9452-0F2ACF91EC7B}.Debug|x86.ActiveCfg = Debug|Win32
		{4C588F86-0E33-4B33-9452-0F2ACF91EC7B}.Debug|x86.Build.0 = Debug|Win32
		{4C588F86-0E33-4B33-9452-0F2ACF91EC7B}.Release|x64.ActiveCfg = Release|x64
		{4C588F86-0E33-4B33-9452-0F2ACF91EC7B}.Release|x64.Build.0 = Release|x64
		{4C588F86-0E33-4B33-9452-0F2ACF91EC7B}.Release|x86.ActiveCfg = Release|Win32
		{4C588F86-0E33-4B33-9452-0F2ACF91EC7B}.Release|x86.Build.0 = Release|Win32
	EndGlobalSection
	GlobalSection(SolutionProperties) = preSolution
		HideSolutionNode = FALSE
	EndGlobalSection
	GlobalSection(ExtensibilityGlobals) = postSolution
		SolutionGuid = {197CD764-53D6-4655-BEB7-86D05FD8B661}
	EndGlobalSection
EndGlobal
